
Microsoft Visual Studio Solution File, Format Version 12.00
# Visual Studio Version 17
VisualStudioVersion = 17.8.34330.188
MinimumVisualStudioVersion = 10.0.40219.1
Project("{FAE04EC0-301F-11D3-BF4B-00C04F79EFBC}") = "BookingController", "..\BookingController\BookingController.csproj", "{EDECD66E-08D9-4874-AD4D-2F2D8924B9FC}"
EndProject
Project("{FAE04EC0-301F-11D3-BF4B-00C04F79EFBC}") = "BOs", "..\BOs\BOs.csproj", "{276D1185-5015-44FF-9765-83C094D0F069}"
EndProject
Project("{FAE04EC0-301F-11D3-BF4B-00C04F79EFBC}") = "DAOs", "..\DAOs\DAOs.csproj", "{CC90E7EE-8AAB-48C9-92E3-8CD40BB5235F}"
EndProject
Project("{FAE04EC0-301F-11D3-BF4B-00C04F79EFBC}") = "REPOs", "..\REPOs\REPOs.csproj", "{276C7C51-2864-4DDF-A091-C86768E05E30}"
EndProject
Global
	GlobalSection(SolutionConfigurationPlatforms) = preSolution
		Debug|Any CPU = Debug|Any CPU
		Release|Any CPU = Release|Any CPU
	EndGlobalSection
	GlobalSection(ProjectConfigurationPlatforms) = postSolution
		{EDECD66E-08D9-4874-AD4D-2F2D8924B9FC}.Debug|Any CPU.ActiveCfg = Debug|Any CPU
		{EDECD66E-08D9-4874-AD4D-2F2D8924B9FC}.Debug|Any CPU.Build.0 = Debug|Any CPU
		{EDECD66E-08D9-4874-AD4D-2F2D8924B9FC}.Release|Any CPU.ActiveCfg = Release|Any CPU
		{EDECD66E-08D9-4874-AD4D-2F2D8924B9FC}.Release|Any CPU.Build.0 = Release|Any CPU
		{276D1185-5015-44FF-9765-83C094D0F069}.Debug|Any CPU.ActiveCfg = Debug|Any CPU
		{276D1185-5015-44FF-9765-83C094D0F069}.Debug|Any CPU.Build.0 = Debug|Any CPU
		{276D1185-5015-44FF-9765-83C094D0F069}.Release|Any CPU.ActiveCfg = Release|Any CPU
		{276D1185-5015-44FF-9765-83C094D0F069}.Release|Any CPU.Build.0 = Release|Any CPU
		{CC90E7EE-8AAB-48C9-92E3-8CD40BB5235F}.Debug|Any CPU.ActiveCfg = Debug|Any CPU
		{CC90E7EE-8AAB-48C9-92E3-8CD40BB5235F}.Debug|Any CPU.Build.0 = Debug|Any CPU
		{CC90E7EE-8AAB-48C9-92E3-8CD40BB5235F}.Release|Any CPU.ActiveCfg = Release|Any CPU
		{CC90E7EE-8AAB-48C9-92E3-8CD40BB5235F}.Release|Any CPU.Build.0 = Release|Any CPU
		{276C7C51-2864-4DDF-A091-C86768E05E30}.Debug|Any CPU.ActiveCfg = Debug|Any CPU
		{276C7C51-2864-4DDF-A091-C86768E05E30}.Debug|Any CPU.Build.0 = Debug|Any CPU
		{276C7C51-2864-4DDF-A091-C86768E05E30}.Release|Any CPU.ActiveCfg = Release|Any CPU
		{276C7C51-2864-4DDF-A091-C86768E05E30}.Release|Any CPU.Build.0 = Release|Any CPU
	EndGlobalSection
	GlobalSection(SolutionProperties) = preSolution
		HideSolutionNode = FALSE
	EndGlobalSection
	GlobalSection(ExtensibilityGlobals) = postSolution
		SolutionGuid = {105144C5-762D-407D-BCDC-D09AF6ABE9B0}
	EndGlobalSection
EndGlobal
